
Microsoft Visual Studio Solution File, Format Version 12.00
# Visual Studio Version 16
VisualStudioVersion = 16.0.29519.87
MinimumVisualStudioVersion = 10.0.40219.1
Project("{FAE04EC0-301F-11D3-BF4B-00C04F79EFBC}") = "HybrisConfig", "HybrisConfig.csproj", "{EC67A3A1-253C-488D-B6C9-3D8819B56E19}"
EndProject
Global
	GlobalSection(SolutionConfigurationPlatforms) = preSolution
		Debug|Any CPU = Debug|Any CPU
		Release|Any CPU = Release|Any CPU
	EndGlobalSection
	GlobalSection(ProjectConfigurationPlatforms) = postSolution
		{EC67A3A1-253C-488D-B6C9-3D8819B56E19}.Debug|Any CPU.ActiveCfg = Debug|Any CPU
		{EC67A3A1-253C-488D-B6C9-3D8819B56E19}.Debug|Any CPU.Build.0 = Debug|Any CPU
		{EC67A3A1-253C-488D-B6C9-3D8819B56E19}.Release|Any CPU.ActiveCfg = Release|Any CPU
		{EC67A3A1-253C-488D-B6C9-3D8819B56E19}.Release|Any CPU.Build.0 = Release|Any CPU
	EndGlobalSection
	GlobalSection(SolutionProperties) = preSolution
		HideSolutionNode = FALSE
	EndGlobalSection
	GlobalSection(ExtensibilityGlobals) = postSolution
		SolutionGuid = {C068D826-F4A5-4156-AF1C-B14A205006C2}
	EndGlobalSection
EndGlobal
